
Microsoft Visual Studio Solution File, Format Version 12.00
# Visual Studio Version 17
VisualStudioVersion = 17.4.33205.214
MinimumVisualStudioVersion = 10.0.40219.1
Project("{FAE04EC0-301F-11D3-BF4B-00C04F79EFBC}") = "Ejercicio1", "Ejercicio1\Ejercicio1.csproj", "{0A1BF7DE-B03D-4164-A70E-C3147BB62915}"
EndProject
Global
	GlobalSection(SolutionConfigurationPlatforms) = preSolution
		Debug|Any CPU = Debug|Any CPU
		Release|Any CPU = Release|Any CPU
	EndGlobalSection
	GlobalSection(ProjectConfigurationPlatforms) = postSolution
		{0A1BF7DE-B03D-4164-A70E-C3147BB62915}.Debug|Any CPU.ActiveCfg = Debug|Any CPU
		{0A1BF7DE-B03D-4164-A70E-C3147BB62915}.Debug|Any CPU.Build.0 = Debug|Any CPU
		{0A1BF7DE-B03D-4164-A70E-C3147BB62915}.Release|Any CPU.ActiveCfg = Release|Any CPU
		{0A1BF7DE-B03D-4164-A70E-C3147BB62915}.Release|Any CPU.Build.0 = Release|Any CPU
	EndGlobalSection
	GlobalSection(SolutionProperties) = preSolution
		HideSolutionNode = FALSE
	EndGlobalSection
	GlobalSection(ExtensibilityGlobals) = postSolution
		SolutionGuid = {9FEB8F34-F393-4026-8D8A-7DE2CBABD7F8}
	EndGlobalSection
EndGlobal
